
Microsoft Visual Studio Solution File, Format Version 12.00
# Visual Studio 15
VisualStudioVersion = 15.0.26730.12
MinimumVisualStudioVersion = 10.0.40219.1
Project("{FAE04EC0-301F-11D3-BF4B-00C04F79EFBC}") = "SportStore.Domain", "SportStore.Domain\SportStore.Domain.csproj", "{56E8C0DF-BE4C-47BA-9E03-D3612963CEA9}"
EndProject
Project("{FAE04EC0-301F-11D3-BF4B-00C04F79EFBC}") = "SportStore.Web", "SportStore.Web\SportStore.Web.csproj", "{AAA2F850-72D8-4862-BABA-6AF16A2A49C1}"
EndProject
Project("{FAE04EC0-301F-11D3-BF4B-00C04F79EFBC}") = "SportStore.Tests", "SportStore.Tests\SportStore.Tests.csproj", "{BC8E7F43-5808-4541-9D87-D4A8B027FFC7}"
EndProject
Global
	GlobalSection(SolutionConfigurationPlatforms) = preSolution
		Debug|Any CPU = Debug|Any CPU
		Release|Any CPU = Release|Any CPU
	EndGlobalSection
	GlobalSection(ProjectConfigurationPlatforms) = postSolution
		{56E8C0DF-BE4C-47BA-9E03-D3612963CEA9}.Debug|Any CPU.ActiveCfg = Debug|Any CPU
		{56E8C0DF-BE4C-47BA-9E03-D3612963CEA9}.Debug|Any CPU.Build.0 = Debug|Any CPU
		{56E8C0DF-BE4C-47BA-9E03-D3612963CEA9}.Release|Any CPU.ActiveCfg = Release|Any CPU
		{56E8C0DF-BE4C-47BA-9E03-D3612963CEA9}.Release|Any CPU.Build.0 = Release|Any CPU
		{AAA2F850-72D8-4862-BABA-6AF16A2A49C1}.Debug|Any CPU.ActiveCfg = Debug|Any CPU
		{AAA2F850-72D8-4862-BABA-6AF16A2A49C1}.Debug|Any CPU.Build.0 = Debug|Any CPU
		{AAA2F850-72D8-4862-BABA-6AF16A2A49C1}.Release|Any CPU.ActiveCfg = Release|Any CPU
		{AAA2F850-72D8-4862-BABA-6AF16A2A49C1}.Release|Any CPU.Build.0 = Release|Any CPU
		{BC8E7F43-5808-4541-9D87-D4A8B027FFC7}.Debug|Any CPU.ActiveCfg = Debug|Any CPU
		{BC8E7F43-5808-4541-9D87-D4A8B027FFC7}.Debug|Any CPU.Build.0 = Debug|Any CPU
		{BC8E7F43-5808-4541-9D87-D4A8B027FFC7}.Release|Any CPU.ActiveCfg = Release|Any CPU
		{BC8E7F43-5808-4541-9D87-D4A8B027FFC7}.Release|Any CPU.Build.0 = Release|Any CPU
	EndGlobalSection
	GlobalSection(SolutionProperties) = preSolution
		HideSolutionNode = FALSE
	EndGlobalSection
	GlobalSection(ExtensibilityGlobals) = postSolution
		SolutionGuid = {FB656290-68DB-4F02-A0A6-FB7AE08C13D9}
	EndGlobalSection
EndGlobal
